// !$*UTF8*$!
{
	archiveVersion = 1;
	classes = {
	};
	objectVersion = 55;
	objects = {

/* Begin PBXBuildFile section */
		E5676D6127F2081B0093B5F2 /* AppDelegate.swift in Sources */ = {isa = PBXBuildFile; fileRef = E5676D6027F2081B0093B5F2 /* AppDelegate.swift */; };
		E5676D6327F2081B0093B5F2 /* SceneDelegate.swift in Sources */ = {isa = PBXBuildFile; fileRef = E5676D6227F2081B0093B5F2 /* SceneDelegate.swift */; };
		E5676D6527F2081B0093B5F2 /* ViewController.swift in Sources */ = {isa = PBXBuildFile; fileRef = E5676D6427F2081B0093B5F2 /* ViewController.swift */; };
		E5676D6827F2081B0093B5F2 /* Main.storyboard in Resources */ = {isa = PBXBuildFile; fileRef = E5676D6627F2081B0093B5F2 /* Main.storyboard */; };
		E5676D6A27F2081C0093B5F2 /* Assets.xcassets in Resources */ = {isa = PBXBuildFile; fileRef = E5676D6927F2081C0093B5F2 /* Assets.xcassets */; };
		E5676D6D27F2081C0093B5F2 /* LaunchScreen.storyboard in Resources */ = {isa = PBXBuildFile; fileRef = E5676D6B27F2081C0093B5F2 /* LaunchScreen.storyboard */; };
		E5676D7827F2081D0093B5F2 /* ScrollView_PageControlTests.swift in Sources */ = {isa = PBXBuildFile; fileRef = E5676D7727F2081D0093B5F2 /* ScrollView_PageControlTests.swift */; };
		E5676D8227F2081D0093B5F2 /* ScrollView_PageControlUITests.swift in Sources */ = {isa = PBXBuildFile; fileRef = E5676D8127F2081D0093B5F2 /* ScrollView_PageControlUITests.swift */; };
		E5676D8427F2081D0093B5F2 /* ScrollView_PageControlUITestsLaunchTests.swift in Sources */ = {isa = PBXBuildFile; fileRef = E5676D8327F2081D0093B5F2 /* ScrollView_PageControlUITestsLaunchTests.swift */; };
/* End PBXBuildFile section */

/* Begin PBXContainerItemProxy section */
		E5676D7427F2081D0093B5F2 /* PBXContainerItemProxy */ = {
			isa = PBXContainerItemProxy;
			containerPortal = E5676D5527F2081B0093B5F2 /* Project object */;
			proxyType = 1;
			remoteGlobalIDString = E5676D5C27F2081B0093B5F2;
			remoteInfo = "ScrollView&PageControl";
		};
		E5676D7E27F2081D0093B5F2 /* PBXContainerItemProxy */ = {
			isa = PBXContainerItemProxy;
			containerPortal = E5676D5527F2081B0093B5F2 /* Project object */;
			proxyType = 1;
			remoteGlobalIDString = E5676D5C27F2081B0093B5F2;
			remoteInfo = "ScrollView&PageControl";
		};
/* End PBXContainerItemProxy section */

/* Begin PBXFileReference section */
		E5676D5D27F2081B0093B5F2 /* ScrollView&PageControl.app */ = {isa = PBXFileReference; explicitFileType = wrapper.application; includeInIndex = 0; path = "ScrollView&PageControl.app"; sourceTree = BUILT_PRODUCTS_DIR; };
		E5676D6027F2081B0093B5F2 /* AppDelegate.swift */ = {isa = PBXFileReference; lastKnownFileType = sourcecode.swift; path = AppDelegate.swift; sourceTree = "<group>"; };
		E5676D6227F2081B0093B5F2 /* SceneDelegate.swift */ = {isa = PBXFileReference; lastKnownFileType = sourcecode.swift; path = SceneDelegate.swift; sourceTree = "<group>"; };
		E5676D6427F2081B0093B5F2 /* ViewController.swift */ = {isa = PBXFileReference; lastKnownFileType = sourcecode.swift; path = ViewController.swift; sourceTree = "<group>"; };
		E5676D6727F2081B0093B5F2 /* Base */ = {isa = PBXFileReference; lastKnownFileType = file.storyboard; name = Base; path = Base.lproj/Main.storyboard; sourceTree = "<group>"; };
		E5676D6927F2081C0093B5F2 /* Assets.xcassets */ = {isa = PBXFileReference; lastKnownFileType = folder.assetcatalog; path = Assets.xcassets; sourceTree = "<group>"; };
		E5676D6C27F2081C0093B5F2 /* Base */ = {isa = PBXFileReference; lastKnownFileType = file.storyboard; name = Base; path = Base.lproj/LaunchScreen.storyboard; sourceTree = "<group>"; };
		E5676D6E27F2081C0093B5F2 /* Info.plist */ = {isa = PBXFileReference; lastKnownFileType = text.plist.xml; path = Info.plist; sourceTree = "<group>"; };
		E5676D7327F2081D0093B5F2 /* ScrollView&PageControlTests.xctest */ = {isa = PBXFileReference; explicitFileType = wrapper.cfbundle; includeInIndex = 0; path = "ScrollView&PageControlTests.xctest"; sourceTree = BUILT_PRODUCTS_DIR; };
		E5676D7727F2081D0093B5F2 /* ScrollView_PageControlTests.swift */ = {isa = PBXFileReference; lastKnownFileType = sourcecode.swift; path = ScrollView_PageControlTests.swift; sourceTree = "<group>"; };
		E5676D7D27F2081D0093B5F2 /* ScrollView&PageControlUITests.xctest */ = {isa = PBXFileReference; explicitFileType = wrapper.cfbundle; includeInIndex = 0; path = "ScrollView&PageControlUITests.xctest"; sourceTree = BUILT_PRODUCTS_DIR; };
		E5676D8127F2081D0093B5F2 /* ScrollView_PageControlUITests.swift */ = {isa = PBXFileReference; lastKnownFileType = sourcecode.swift; path = ScrollView_PageControlUITests.swift; sourceTree = "<group>"; };
		E5676D8327F2081D0093B5F2 /* ScrollView_PageControlUITestsLaunchTests.swift */ = {isa = PBXFileReference; lastKnownFileType = sourcecode.swift; path = ScrollView_PageControlUITestsLaunchTests.swift; sourceTree = "<group>"; };
/* End PBXFileReference section */

/* Begin PBXFrameworksBuildPhase section */
		E5676D5A27F2081B0093B5F2 /* Frameworks */ = {
			isa = PBXFrameworksBuildPhase;
			buildActionMask = 2147483647;
			files = (
			);
			runOnlyForDeploymentPostprocessing = 0;
		};
		E5676D7027F2081D0093B5F2 /* Frameworks */ = {
			isa = PBXFrameworksBuildPhase;
			buildActionMask = 2147483647;
			files = (
			);
			runOnlyForDeploymentPostprocessing = 0;
		};
		E5676D7A27F2081D0093B5F2 /* Frameworks */ = {
			isa = PBXFrameworksBuildPhase;
			buildActionMask = 2147483647;
			files = (
			);
			runOnlyForDeploymentPostprocessing = 0;
		};
/* End PBXFrameworksBuildPhase section */

/* Begin PBXGroup section */
		E5676D5427F2081B0093B5F2 = {
			isa = PBXGroup;
			children = (
				E5676D5F27F2081B0093B5F2 /* ScrollView&PageControl */,
				E5676D7627F2081D0093B5F2 /* ScrollView&PageControlTests */,
				E5676D8027F2081D0093B5F2 /* ScrollView&PageControlUITests */,
				E5676D5E27F2081B0093B5F2 /* Products */,
			);
			sourceTree = "<group>";
		};
		E5676D5E27F2081B0093B5F2 /* Products */ = {
			isa = PBXGroup;
			children = (
				E5676D5D27F2081B0093B5F2 /* ScrollView&PageControl.app */,
				E5676D7327F2081D0093B5F2 /* ScrollView&PageControlTests.xctest */,
				E5676D7D27F2081D0093B5F2 /* ScrollView&PageControlUITests.xctest */,
			);
			name = Products;
			sourceTree = "<group>";
		};
		E5676D5F27F2081B0093B5F2 /* ScrollView&PageControl */ = {
			isa = PBXGroup;
			children = (
				E5676D6027F2081B0093B5F2 /* AppDelegate.swift */,
				E5676D6227F2081B0093B5F2 /* SceneDelegate.swift */,
				E5676D6427F2081B0093B5F2 /* ViewController.swift */,
				E5676D6627F2081B0093B5F2 /* Main.storyboard */,
				E5676D6927F2081C0093B5F2 /* Assets.xcassets */,
				E5676D6B27F2081C0093B5F2 /* LaunchScreen.storyboard */,
				E5676D6E27F2081C0093B5F2 /* Info.plist */,
			);
			path = "ScrollView&PageControl";
			sourceTree = "<group>";
		};
		E5676D7627F2081D0093B5F2 /* ScrollView&PageControlTests */ = {
			isa = PBXGroup;
			children = (
				E5676D7727F2081D0093B5F2 /* ScrollView_PageControlTests.swift */,
			);
			path = "ScrollView&PageControlTests";
			sourceTree = "<group>";
		};
		E5676D8027F2081D0093B5F2 /* ScrollView&PageControlUITests */ = {
			isa = PBXGroup;
			children = (
				E5676D8127F2081D0093B5F2 /* ScrollView_PageControlUITests.swift */,
				E5676D8327F2081D0093B5F2 /* ScrollView_PageControlUITestsLaunchTests.swift */,
			);
			path = "ScrollView&PageControlUITests";
			sourceTree = "<group>";
		};
/* End PBXGroup section */

/* Begin PBXNativeTarget section */
		E5676D5C27F2081B0093B5F2 /* ScrollView&PageControl */ = {
			isa = PBXNativeTarget;
			buildConfigurationList = E5676D8727F2081D0093B5F2 /* Build configuration list for PBXNativeTarget "ScrollView&PageControl" */;
			buildPhases = (
				E5676D5927F2081B0093B5F2 /* Sources */,
				E5676D5A27F2081B0093B5F2 /* Frameworks */,
				E5676D5B27F2081B0093B5F2 /* Resources */,
			);
			buildRules = (
			);
			dependencies = (
			);
			name = "ScrollView&PageControl";
			productName = "ScrollView&PageControl";
			productReference = E5676D5D27F2081B0093B5F2 /* ScrollView&PageControl.app */;
			productType = "com.apple.product-type.application";
		};
		E5676D7227F2081D0093B5F2 /* ScrollView&PageControlTests */ = {
			isa = PBXNativeTarget;
			buildConfigurationList = E5676D8A27F2081D0093B5F2 /* Build configuration list for PBXNativeTarget "ScrollView&PageControlTests" */;
			buildPhases = (
				E5676D6F27F2081D0093B5F2 /* Sources */,
				E5676D7027F2081D0093B5F2 /* Frameworks */,
				E5676D7127F2081D0093B5F2 /* Resources */,
			);
			buildRules = (
			);
			dependencies = (
				E5676D7527F2081D0093B5F2 /* PBXTargetDependency */,
			);
			name = "ScrollView&PageControlTests";
			productName = "ScrollView&PageControlTests";
			productReference = E5676D7327F2081D0093B5F2 /* ScrollView&PageControlTests.xctest */;
			productType = "com.apple.product-type.bundle.unit-test";
		};
		E5676D7C27F2081D0093B5F2 /* ScrollView&PageControlUITests */ = {
			isa = PBXNativeTarget;
			buildConfigurationList = E5676D8D27F2081D0093B5F2 /* Build configuration list for PBXNativeTarget "ScrollView&PageControlUITests" */;
			buildPhases = (
				E5676D7927F2081D0093B5F2 /* Sources */,
				E5676D7A27F2081D0093B5F2 /* Frameworks */,
				E5676D7B27F2081D0093B5F2 /* Resources */,
			);
			buildRules = (
			);
			dependencies = (
				E5676D7F27F2081D0093B5F2 /* PBXTargetDependency */,
			);
			name = "ScrollView&PageControlUITests";
			productName = "ScrollView&PageControlUITests";
			productReference = E5676D7D27F2081D0093B5F2 /* ScrollView&PageControlUITests.xctest */;
			productType = "com.apple.product-type.bundle.ui-testing";
		};
/* End PBXNativeTarget section */

/* Begin PBXProject section */
		E5676D5527F2081B0093B5F2 /* Project object */ = {
			isa = PBXProject;
			attributes = {
				BuildIndependentTargetsInParallel = 1;
				LastSwiftUpdateCheck = 1320;
				LastUpgradeCheck = 1320;
				TargetAttributes = {
					E5676D5C27F2081B0093B5F2 = {
						CreatedOnToolsVersion = 13.2.1;
					};
					E5676D7227F2081D0093B5F2 = {
						CreatedOnToolsVersion = 13.2.1;
						TestTargetID = E5676D5C27F2081B0093B5F2;
					};
					E5676D7C27F2081D0093B5F2 = {
						CreatedOnToolsVersion = 13.2.1;
						TestTargetID = E5676D5C27F2081B0093B5F2;
					};
				};
			};
			buildConfigurationList = E5676D5827F2081B0093B5F2 /* Build configuration list for PBXProject "ScrollView&PageControl" */;
			compatibilityVersion = "Xcode 13.0";
			developmentRegion = en;
			hasScannedForEncodings = 0;
			knownRegions = (
				en,
				Base,
			);
			mainGroup = E5676D5427F2081B0093B5F2;
			productRefGroup = E5676D5E27F2081B0093B5F2 /* Products */;
			projectDirPath = "";
			projectRoot = "";
			targets = (
				E5676D5C27F2081B0093B5F2 /* ScrollView&PageControl */,
				E5676D7227F2081D0093B5F2 /* ScrollView&PageControlTests */,
				E5676D7C27F2081D0093B5F2 /* ScrollView&PageControlUITests */,
			);
		};
/* End PBXProject section */

/* Begin PBXResourcesBuildPhase section */
		E5676D5B27F2081B0093B5F2 /* Resources */ = {
			isa = PBXResourcesBuildPhase;
			buildActionMask = 2147483647;
			files = (
				E5676D6D27F2081C0093B5F2 /* LaunchScreen.storyboard in Resources */,
				E5676D6A27F2081C0093B5F2 /* Assets.xcassets in Resources */,
				E5676D6827F2081B0093B5F2 /* Main.storyboard in Resources */,
			);
			runOnlyForDeploymentPostprocessing = 0;
		};
		E5676D7127F2081D0093B5F2 /* Resources */ = {
			isa = PBXResourcesBuildPhase;
			buildActionMask = 2147483647;
			files = (
			);
			runOnlyForDeploymentPostprocessing = 0;
		};
		E5676D7B27F2081D0093B5F2 /* Resources */ = {
			isa = PBXResourcesBuildPhase;
			buildActionMask = 2147483647;
			files = (
			);
			runOnlyForDeploymentPostprocessing = 0;
		};
/* End PBXResourcesBuildPhase section */

/* Begin PBXSourcesBuildPhase section */
		E5676D5927F2081B0093B5F2 /* Sources */ = {
			isa = PBXSourcesBuildPhase;
			buildActionMask = 2147483647;
			files = (
				E5676D6527F2081B0093B5F2 /* ViewController.swift in Sources */,
				E5676D6127F2081B0093B5F2 /* AppDelegate.swift in Sources */,
				E5676D6327F2081B0093B5F2 /* SceneDelegate.swift in Sources */,
			);
			runOnlyForDeploymentPostprocessing = 0;
		};
		E5676D6F27F2081D0093B5F2 /* Sources */ = {
			isa = PBXSourcesBuildPhase;
			buildActionMask = 2147483647;
			files = (
				E5676D7827F2081D0093B5F2 /* ScrollView_PageControlTests.swift in Sources */,
			);
			runOnlyForDeploymentPostprocessing = 0;
		};
		E5676D7927F2081D0093B5F2 /* Sources */ = {
			isa = PBXSourcesBuildPhase;
			buildActionMask = 2147483647;
			files = (
				E5676D8227F2081D0093B5F2 /* ScrollView_PageControlUITests.swift in Sources */,
				E5676D8427F2081D0093B5F2 /* ScrollView_PageControlUITestsLaunchTests.swift in Sources */,
			);
			runOnlyForDeploymentPostprocessing = 0;
		};
/* End PBXSourcesBuildPhase section */

/* Begin PBXTargetDependency section */
		E5676D7527F2081D0093B5F2 /* PBXTargetDependency */ = {
			isa = PBXTargetDependency;
			target = E5676D5C27F2081B0093B5F2 /* ScrollView&PageControl */;
			targetProxy = E5676D7427F2081D0093B5F2 /* PBXContainerItemProxy */;
		};
		E5676D7F27F2081D0093B5F2 /* PBXTargetDependency */ = {
			isa = PBXTargetDependency;
			target = E5676D5C27F2081B0093B5F2 /* ScrollView&PageControl */;
			targetProxy = E5676D7E27F2081D0093B5F2 /* PBXContainerItemProxy */;
		};
/* End PBXTargetDependency section */

/* Begin PBXVariantGroup section */
		E5676D6627F2081B0093B5F2 /* Main.storyboard */ = {
			isa = PBXVariantGroup;
			children = (
				E5676D6727F2081B0093B5F2 /* Base */,
			);
			name = Main.storyboard;
			sourceTree = "<group>";
		};
		E5676D6B27F2081C0093B5F2 /* LaunchScreen.storyboard */ = {
			isa = PBXVariantGroup;
			children = (
				E5676D6C27F2081C0093B5F2 /* Base */,
			);
			name = LaunchScreen.storyboard;
			sourceTree = "<group>";
		};
/* End PBXVariantGroup section */

/* Begin XCBuildConfiguration section */
		E5676D8527F2081D0093B5F2 /* Debug */ = {
			isa = XCBuildConfiguration;
			buildSettings = {
				ALWAYS_SEARCH_USER_PATHS = NO;
				CLANG_ANALYZER_NONNULL = YES;
				CLANG_ANALYZER_NUMBER_OBJECT_CONVERSION = YES_AGGRESSIVE;
				CLANG_CXX_LANGUAGE_STANDARD = "gnu++17";
				CLANG_CXX_LIBRARY = "libc++";
				CLANG_ENABLE_MODULES = YES;
				CLANG_ENABLE_OBJC_ARC = YES;
				CLANG_ENABLE_OBJC_WEAK = YES;
				CLANG_WARN_BLOCK_CAPTURE_AUTORELEASING = YES;
				CLANG_WARN_BOOL_CONVERSION = YES;
				CLANG_WARN_COMMA = YES;
				CLANG_WARN_CONSTANT_CONVERSION = YES;
				CLANG_WARN_DEPRECATED_OBJC_IMPLEMENTATIONS = YES;
				CLANG_WARN_DIRECT_OBJC_ISA_USAGE = YES_ERROR;
				CLANG_WARN_DOCUMENTATION_COMMENTS = YES;
				CLANG_WARN_EMPTY_BODY = YES;
				CLANG_WARN_ENUM_CONVERSION = YES;
				CLANG_WARN_INFINITE_RECURSION = YES;
				CLANG_WARN_INT_CONVERSION = YES;
				CLANG_WARN_NON_LITERAL_NULL_CONVERSION = YES;
				CLANG_WARN_OBJC_IMPLICIT_RETAIN_SELF = YES;
				CLANG_WARN_OBJC_LITERAL_CONVERSION = YES;
				CLANG_WARN_OBJC_ROOT_CLASS = YES_ERROR;
				CLANG_WARN_QUOTED_INCLUDE_IN_FRAMEWORK_HEADER = YES;
				CLANG_WARN_RANGE_LOOP_ANALYSIS = YES;
				CLANG_WARN_STRICT_PROTOTYPES = YES;
				CLANG_WARN_SUSPICIOUS_MOVE = YES;
				CLANG_WARN_UNGUARDED_AVAILABILITY = YES_AGGRESSIVE;
				CLANG_WARN_UNREACHABLE_CODE = YES;
				CLANG_WARN__DUPLICATE_METHOD_MATCH = YES;
				COPY_PHASE_STRIP = NO;
				DEBUG_INFORMATION_FORMAT = dwarf;
				ENABLE_STRICT_OBJC_MSGSEND = YES;
				ENABLE_TESTABILITY = YES;
				GCC_C_LANGUAGE_STANDARD = gnu11;
				GCC_DYNAMIC_NO_PIC = NO;
				GCC_NO_COMMON_BLOCKS = YES;
				GCC_OPTIMIZATION_LEVEL = 0;
				GCC_PREPROCESSOR_DEFINITIONS = (
					"DEBUG=1",
					"$(inherited)",
				);
				GCC_WARN_64_TO_32_BIT_CONVERSION = YES;
				GCC_WARN_ABOUT_RETURN_TYPE = YES_ERROR;
				GCC_WARN_UNDECLARED_SELECTOR = YES;
				GCC_WARN_UNINITIALIZED_AUTOS = YES_AGGRESSIVE;
				GCC_WARN_UNUSED_FUNCTION = YES;
				GCC_WARN_UNUSED_VARIABLE = YES;
				IPHONEOS_DEPLOYMENT_TARGET = 15.2;
				MTL_ENABLE_DEBUG_INFO = INCLUDE_SOURCE;
				MTL_FAST_MATH = YES;
				ONLY_ACTIVE_ARCH = YES;
				SDKROOT = iphoneos;
				SWIFT_ACTIVE_COMPILATION_CONDITIONS = DEBUG;
				SWIFT_OPTIMIZATION_LEVEL = "-Onone";
			};
			name = Debug;
		};
		E5676D8627F2081D0093B5F2 /* Release */ = {
			isa = XCBuildConfiguration;
			buildSettings = {
				ALWAYS_SEARCH_USER_PATHS = NO;
				CLANG_ANALYZER_NONNULL = YES;
				CLANG_ANALYZER_NUMBER_OBJECT_CONVERSION = YES_AGGRESSIVE;
				CLANG_CXX_LANGUAGE_STANDARD = "gnu++17";
				CLANG_CXX_LIBRARY = "libc++";
				CLANG_ENABLE_MODULES = YES;
				CLANG_ENABLE_OBJC_ARC = YES;
				CLANG_ENABLE_OBJC_WEAK = YES;
				CLANG_WARN_BLOCK_CAPTURE_AUTORELEASING = YES;
				CLANG_WARN_BOOL_CONVERSION = YES;
				CLANG_WARN_COMMA = YES;
				CLANG_WARN_CONSTANT_CONVERSION = YES;
				CLANG_WARN_DEPRECATED_OBJC_IMPLEMENTATIONS = YES;
				CLANG_WARN_DIRECT_OBJC_ISA_USAGE = YES_ERROR;
				CLANG_WARN_DOCUMENTATION_COMMENTS = YES;
				CLANG_WARN_EMPTY_BODY = YES;
				CLANG_WARN_ENUM_CONVERSION = YES;
				CLANG_WARN_INFINITE_RECURSION = YES;
				CLANG_WARN_INT_CONVERSION = YES;
				CLANG_WARN_NON_LITERAL_NULL_CONVERSION = YES;
				CLANG_WARN_OBJC_IMPLICIT_RETAIN_SELF = YES;
				CLANG_WARN_OBJC_LITERAL_CONVERSION = YES;
				CLANG_WARN_OBJC_ROOT_CLASS = YES_ERROR;
				CLANG_WARN_QUOTED_INCLUDE_IN_FRAMEWORK_HEADER = YES;
				CLANG_WARN_RANGE_LOOP_ANALYSIS = YES;
				CLANG_WARN_STRICT_PROTOTYPES = YES;
				CLANG_WARN_SUSPICIOUS_MOVE = YES;
				CLANG_WARN_UNGUARDED_AVAILABILITY = YES_AGGRESSIVE;
				CLANG_WARN_UNREACHABLE_CODE = YES;
				CLANG_WARN__DUPLICATE_METHOD_MATCH = YES;
				COPY_PHASE_STRIP = NO;
				DEBUG_INFORMATION_FORMAT = "dwarf-with-dsym";
				ENABLE_NS_ASSERTIONS = NO;
				ENABLE_STRICT_OBJC_MSGSEND = YES;
				GCC_C_LANGUAGE_STANDARD = gnu11;
				GCC_NO_COMMON_BLOCKS = YES;
				GCC_WARN_64_TO_32_BIT_CONVERSION = YES;
				GCC_WARN_ABOUT_RETURN_TYPE = YES_ERROR;
				GCC_WARN_UNDECLARED_SELECTOR = YES;
				GCC_WARN_UNINITIALIZED_AUTOS = YES_AGGRESSIVE;
				GCC_WARN_UNUSED_FUNCTION = YES;
				GCC_WARN_UNUSED_VARIABLE = YES;
				IPHONEOS_DEPLOYMENT_TARGET = 15.2;
				MTL_ENABLE_DEBUG_INFO = NO;
				MTL_FAST_MATH = YES;
				SDKROOT = iphoneos;
				SWIFT_COMPILATION_MODE = wholemodule;
				SWIFT_OPTIMIZATION_LEVEL = "-O";
				VALIDATE_PRODUCT = YES;
			};
			name = Release;
		};
		E5676D8827F2081D0093B5F2 /* Debug */ = {
			isa = XCBuildConfiguration;
			buildSettings = {
				ASSETCATALOG_COMPILER_APPICON_NAME = AppIcon;
				ASSETCATALOG_COMPILER_GLOBAL_ACCENT_COLOR_NAME = AccentColor;
				CODE_SIGN_STYLE = Automatic;
				CURRENT_PROJECT_VERSION = 1;
				GENERATE_INFOPLIST_FILE = YES;
				INFOPLIST_FILE = "ScrollView&PageControl/Info.plist";
				INFOPLIST_KEY_UIApplicationSupportsIndirectInputEvents = YES;
				INFOPLIST_KEY_UILaunchStoryboardName = LaunchScreen;
				INFOPLIST_KEY_UIMainStoryboardFile = Main;
				INFOPLIST_KEY_UISupportedInterfaceOrientations_iPad = "UIInterfaceOrientationPortrait UIInterfaceOrientationPortraitUpsideDown UIInterfaceOrientationLandscapeLeft UIInterfaceOrientationLandscapeRight";
				INFOPLIST_KEY_UISupportedInterfaceOrientations_iPhone = "UIInterfaceOrientationPortrait UIInterfaceOrientationLandscapeLeft UIInterfaceOrientationLandscapeRight";
				LD_RUNPATH_SEARCH_PATHS = (
					"$(inherited)",
					"@executable_path/Frameworks",
				);
				MARKETING_VERSION = 1.0;
				PRODUCT_BUNDLE_IDENTIFIER = "com.be.ScrollView-PageControl";
				PRODUCT_NAME = "$(TARGET_NAME)";
				SWIFT_EMIT_LOC_STRINGS = YES;
				SWIFT_VERSION = 5.0;
				TARGETED_DEVICE_FAMILY = "1,2";
			};
			name = Debug;
		};
		E5676D8927F2081D0093B5F2 /* Release */ = {
			isa = XCBuildConfiguration;
			buildSettings = {
				ASSETCATALOG_COMPILER_APPICON_NAME = AppIcon;
				ASSETCATALOG_COMPILER_GLOBAL_ACCENT_COLOR_NAME = AccentColor;
				CODE_SIGN_STYLE = Automatic;
				CURRENT_PROJECT_VERSION = 1;
				GENERATE_INFOPLIST_FILE = YES;
				INFOPLIST_FILE = "ScrollView&PageControl/Info.plist";
				INFOPLIST_KEY_UIApplicationSupportsIndirectInputEvents = YES;
				INFOPLIST_KEY_UILaunchStoryboardName = LaunchScreen;
				INFOPLIST_KEY_UIMainStoryboardFile = Main;
				INFOPLIST_KEY_UISupportedInterfaceOrientations_iPad = "UIInterfaceOrientationPortrait UIInterfaceOrientationPortraitUpsideDown UIInterfaceOrientationLandscapeLeft UIInterfaceOrientationLandscapeRight";
				INFOPLIST_KEY_UISupportedInterfaceOrientations_iPhone = "UIInterfaceOrientationPortrait UIInterfaceOrientationLandscapeLeft UIInterfaceOrientationLandscapeRight";
				LD_RUNPATH_SEARCH_PATHS = (
					"$(inherited)",
					"@executable_path/Frameworks",
				);
				MARKETING_VERSION = 1.0;
				PRODUCT_BUNDLE_IDENTIFIER = "com.be.ScrollView-PageControl";
				PRODUCT_NAME = "$(TARGET_NAME)";
				SWIFT_EMIT_LOC_STRINGS = YES;
				SWIFT_VERSION = 5.0;
				TARGETED_DEVICE_FAMILY = "1,2";
			};
			name = Release;
		};
		E5676D8B27F2081D0093B5F2 /* Debug */ = {
			isa = XCBuildConfiguration;
			buildSettings = {
				ALWAYS_EMBED_SWIFT_STANDARD_LIBRARIES = YES;
				BUNDLE_LOADER = "$(TEST_HOST)";
				CODE_SIGN_STYLE = Automatic;
				CURRENT_PROJECT_VERSION = 1;
				GENERATE_INFOPLIST_FILE = YES;
				IPHONEOS_DEPLOYMENT_TARGET = 15.2;
				MARKETING_VERSION = 1.0;
				PRODUCT_BUNDLE_IDENTIFIER = "com.be.ScrollView-PageControlTests";
				PRODUCT_NAME = "$(TARGET_NAME)";
				SWIFT_EMIT_LOC_STRINGS = NO;
				SWIFT_VERSION = 5.0;
				TARGETED_DEVICE_FAMILY = "1,2";
				TEST_HOST = "$(BUILT_PRODUCTS_DIR)/ScrollView&PageControl.app/ScrollView&PageControl";
			};
			name = Debug;
		};
		E5676D8C27F2081D0093B5F2 /* Release */ = {
			isa = XCBuildConfiguration;
			buildSettings = {
				ALWAYS_EMBED_SWIFT_STANDARD_LIBRARIES = YES;
				BUNDLE_LOADER = "$(TEST_HOST)";
				CODE_SIGN_STYLE = Automatic;
				CURRENT_PROJECT_VERSION = 1;
				GENERATE_INFOPLIST_FILE = YES;
				IPHONEOS_DEPLOYMENT_TARGET = 15.2;
				MARKETING_VERSION = 1.0;
				PRODUCT_BUNDLE_IDENTIFIER = "com.be.ScrollView-PageControlTests";
				PRODUCT_NAME = "$(TARGET_NAME)";
				SWIFT_EMIT_LOC_STRINGS = NO;
				SWIFT_VERSION = 5.0;
				TARGETED_DEVICE_FAMILY = "1,2";
				TEST_HOST = "$(BUILT_PRODUCTS_DIR)/ScrollView&PageControl.app/ScrollView&PageControl";
			};
			name = Release;
		};
		E5676D8E27F2081D0093B5F2 /* Debug */ = {
			isa = XCBuildConfiguration;
			buildSettings = {
				ALWAYS_EMBED_SWIFT_STANDARD_LIBRARIES = YES;
				CODE_SIGN_STYLE = Automatic;
				CURRENT_PROJECT_VERSION = 1;
				GENERATE_INFOPLIST_FILE = YES;
				MARKETING_VERSION = 1.0;
				PRODUCT_BUNDLE_IDENTIFIER = "com.be.ScrollView-PageControlUITests";
				PRODUCT_NAME = "$(TARGET_NAME)";
				SWIFT_EMIT_LOC_STRINGS = NO;
				SWIFT_VERSION = 5.0;
				TARGETED_DEVICE_FAMILY = "1,2";
				TEST_TARGET_NAME = "ScrollView&PageControl";
			};
			name = Debug;
		};
		E5676D8F27F2081D0093B5F2 /* Release */ = {
			isa = XCBuildConfiguration;
			buildSettings = {
				ALWAYS_EMBED_SWIFT_STANDARD_LIBRARIES = YES;
				CODE_SIGN_STYLE = Automatic;
				CURRENT_PROJECT_VERSION = 1;
				GENERATE_INFOPLIST_FILE = YES;
				MARKETING_VERSION = 1.0;
				PRODUCT_BUNDLE_IDENTIFIER = "com.be.ScrollView-PageControlUITests";
				PRODUCT_NAME = "$(TARGET_NAME)";
				SWIFT_EMIT_LOC_STRINGS = NO;
				SWIFT_VERSION = 5.0;
				TARGETED_DEVICE_FAMILY = "1,2";
				TEST_TARGET_NAME = "ScrollView&PageControl";
			};
			name = Release;
		};
/* End XCBuildConfiguration section */

/* Begin XCConfigurationList section */
		E5676D5827F2081B0093B5F2 /* Build configuration list for PBXProject "ScrollView&PageControl" */ = {
			isa = XCConfigurationList;
			buildConfigurations = (
				E5676D8527F2081D0093B5F2 /* Debug */,
				E5676D8627F2081D0093B5F2 /* Release */,
			);
			defaultConfigurationIsVisible = 0;
			defaultConfigurationName = Release;
		};
		E5676D8727F2081D0093B5F2 /* Build configuration list for PBXNativeTarget "ScrollView&PageControl" */ = {
			isa = XCConfigurationList;
			buildConfigurations = (
				E5676D8827F2081D0093B5F2 /* Debug */,
				E5676D8927F2081D0093B5F2 /* Release */,
			);
			defaultConfigurationIsVisible = 0;
			defaultConfigurationName = Release;
		};
		E5676D8A27F2081D0093B5F2 /* Build configuration list for PBXNativeTarget "ScrollView&PageControlTests" */ = {
			isa = XCConfigurationList;
			buildConfigurations = (
				E5676D8B27F2081D0093B5F2 /* Debug */,
				E5676D8C27F2081D0093B5F2 /* Release */,
			);
			defaultConfigurationIsVisible = 0;
			defaultConfigurationName = Release;
		};
		E5676D8D27F2081D0093B5F2 /* Build configuration list for PBXNativeTarget "ScrollView&PageControlUITests" */ = {
			isa = XCConfigurationList;
			buildConfigurations = (
				E5676D8E27F2081D0093B5F2 /* Debug */,
				E5676D8F27F2081D0093B5F2 /* Release */,
			);
			defaultConfigurationIsVisible = 0;
			defaultConfigurationName = Release;
		};
/* End XCConfigurationList section */
	};
	rootObject = E5676D5527F2081B0093B5F2 /* Project object */;
}
